// !$*UTF8*$!
{
	archiveVersion = 1;
	classes = {
	};
	objectVersion = 55;
	objects = {

/* Begin PBXBuildFile section */
		A3076D4327AF378700A2BF03 /* ManyEggsOneBasketApp.swift in Sources */ = {isa = PBXBuildFile; fileRef = A3076D4227AF378700A2BF03 /* ManyEggsOneBasketApp.swift */; };
		A3076D4527AF378700A2BF03 /* ContentView.swift in Sources */ = {isa = PBXBuildFile; fileRef = A3076D4427AF378700A2BF03 /* ContentView.swift */; };
		A3076D4727AF378900A2BF03 /* Assets.xcassets in Resources */ = {isa = PBXBuildFile; fileRef = A3076D4627AF378900A2BF03 /* Assets.xcassets */; };
		A3076D4A27AF378900A2BF03 /* Preview Assets.xcassets in Resources */ = {isa = PBXBuildFile; fileRef = A3076D4927AF378900A2BF03 /* Preview Assets.xcassets */; };
		A3076D5127AF3AEB00A2BF03 /* GoogleService-Info-2.plist in Resources */ = {isa = PBXBuildFile; fileRef = A3076D5027AF3AEB00A2BF03 /* GoogleService-Info-2.plist */; };
		A3076D5427AF3C2100A2BF03 /* FirebaseAuth in Frameworks */ = {isa = PBXBuildFile; productRef = A3076D5327AF3C2100A2BF03 /* FirebaseAuth */; };
		A3076D5627AF3C2100A2BF03 /* FirebaseDatabase in Frameworks */ = {isa = PBXBuildFile; productRef = A3076D5527AF3C2100A2BF03 /* FirebaseDatabase */; };
		A3076D5927AF3EBC00A2BF03 /* SceneDelegate.swift in Sources */ = {isa = PBXBuildFile; fileRef = A3076D5727AF3EBC00A2BF03 /* SceneDelegate.swift */; };
		A3076D5A27AF3EBC00A2BF03 /* AppDelegate.swift in Sources */ = {isa = PBXBuildFile; fileRef = A3076D5827AF3EBC00A2BF03 /* AppDelegate.swift */; };
		A3076D5D27AF40B500A2BF03 /* User.swift in Sources */ = {isa = PBXBuildFile; fileRef = A3076D5C27AF40B500A2BF03 /* User.swift */; };
		A3076D5F27AF412E00A2BF03 /* Groceries.swift in Sources */ = {isa = PBXBuildFile; fileRef = A3076D5E27AF412E00A2BF03 /* Groceries.swift */; };
/* End PBXBuildFile section */

/* Begin PBXFileReference section */
		A3076D3F27AF378700A2BF03 /* ManyEggsOneBasket.app */ = {isa = PBXFileReference; explicitFileType = wrapper.application; includeInIndex = 0; path = ManyEggsOneBasket.app; sourceTree = BUILT_PRODUCTS_DIR; };
		A3076D4227AF378700A2BF03 /* ManyEggsOneBasketApp.swift */ = {isa = PBXFileReference; lastKnownFileType = sourcecode.swift; path = ManyEggsOneBasketApp.swift; sourceTree = "<group>"; };
		A3076D4427AF378700A2BF03 /* ContentView.swift */ = {isa = PBXFileReference; lastKnownFileType = sourcecode.swift; path = ContentView.swift; sourceTree = "<group>"; };
		A3076D4627AF378900A2BF03 /* Assets.xcassets */ = {isa = PBXFileReference; lastKnownFileType = folder.assetcatalog; path = Assets.xcassets; sourceTree = "<group>"; };
		A3076D4927AF378900A2BF03 /* Preview Assets.xcassets */ = {isa = PBXFileReference; lastKnownFileType = folder.assetcatalog; path = "Preview Assets.xcassets"; sourceTree = "<group>"; };
		A3076D5027AF3AEB00A2BF03 /* GoogleService-Info-2.plist */ = {isa = PBXFileReference; fileEncoding = 4; lastKnownFileType = text.plist.xml; path = "GoogleService-Info-2.plist"; sourceTree = "<group>"; };
		A3076D5727AF3EBC00A2BF03 /* SceneDelegate.swift */ = {isa = PBXFileReference; fileEncoding = 4; lastKnownFileType = sourcecode.swift; path = SceneDelegate.swift; sourceTree = "<group>"; };
		A3076D5827AF3EBC00A2BF03 /* AppDelegate.swift */ = {isa = PBXFileReference; fileEncoding = 4; lastKnownFileType = sourcecode.swift; path = AppDelegate.swift; sourceTree = "<group>"; };
		A3076D5C27AF40B500A2BF03 /* User.swift */ = {isa = PBXFileReference; lastKnownFileType = sourcecode.swift; path = User.swift; sourceTree = "<group>"; };
		A3076D5E27AF412E00A2BF03 /* Groceries.swift */ = {isa = PBXFileReference; lastKnownFileType = sourcecode.swift; path = Groceries.swift; sourceTree = "<group>"; };
/* End PBXFileReference section */

/* Begin PBXFrameworksBuildPhase section */
		A3076D3C27AF378700A2BF03 /* Frameworks */ = {
			isa = PBXFrameworksBuildPhase;
			buildActionMask = 2147483647;
			files = (
				A3076D5627AF3C2100A2BF03 /* FirebaseDatabase in Frameworks */,
				A3076D5427AF3C2100A2BF03 /* FirebaseAuth in Frameworks */,
			);
			runOnlyForDeploymentPostprocessing = 0;
		};
/* End PBXFrameworksBuildPhase section */

/* Begin PBXGroup section */
		A3076D3627AF378700A2BF03 = {
			isa = PBXGroup;
			children = (
				A3076D4127AF378700A2BF03 /* ManyEggsOneBasket */,
				A3076D4027AF378700A2BF03 /* Products */,
			);
			sourceTree = "<group>";
		};
		A3076D4027AF378700A2BF03 /* Products */ = {
			isa = PBXGroup;
			children = (
				A3076D3F27AF378700A2BF03 /* ManyEggsOneBasket.app */,
			);
			name = Products;
			sourceTree = "<group>";
		};
		A3076D4127AF378700A2BF03 /* ManyEggsOneBasket */ = {
			isa = PBXGroup;
			children = (
				A3076D5B27AF408600A2BF03 /* Model */,
				A3076D4227AF378700A2BF03 /* ManyEggsOneBasketApp.swift */,
				A3076D4427AF378700A2BF03 /* ContentView.swift */,
				A3076D4627AF378900A2BF03 /* Assets.xcassets */,
				A3076D5827AF3EBC00A2BF03 /* AppDelegate.swift */,
				A3076D5727AF3EBC00A2BF03 /* SceneDelegate.swift */,
				A3076D5027AF3AEB00A2BF03 /* GoogleService-Info-2.plist */,
				A3076D4827AF378900A2BF03 /* Preview Content */,
			);
			path = ManyEggsOneBasket;
			sourceTree = "<group>";
		};
		A3076D4827AF378900A2BF03 /* Preview Content */ = {
			isa = PBXGroup;
			children = (
				A3076D4927AF378900A2BF03 /* Preview Assets.xcassets */,
			);
			path = "Preview Content";
			sourceTree = "<group>";
		};
		A3076D5B27AF408600A2BF03 /* Model */ = {
			isa = PBXGroup;
			children = (
				A3076D5C27AF40B500A2BF03 /* User.swift */,
				A3076D5E27AF412E00A2BF03 /* Groceries.swift */,
			);
			path = Model;
			sourceTree = "<group>";
		};
/* End PBXGroup section */

/* Begin PBXNativeTarget section */
		A3076D3E27AF378700A2BF03 /* ManyEggsOneBasket */ = {
			isa = PBXNativeTarget;
			buildConfigurationList = A3076D4D27AF378900A2BF03 /* Build configuration list for PBXNativeTarget "ManyEggsOneBasket" */;
			buildPhases = (
				A3076D3B27AF378700A2BF03 /* Sources */,
				A3076D3C27AF378700A2BF03 /* Frameworks */,
				A3076D3D27AF378700A2BF03 /* Resources */,
			);
			buildRules = (
			);
			dependencies = (
			);
			name = ManyEggsOneBasket;
			packageProductDependencies = (
				A3076D5327AF3C2100A2BF03 /* FirebaseAuth */,
				A3076D5527AF3C2100A2BF03 /* FirebaseDatabase */,
			);
			productName = ManyEggsOneBasket;
			productReference = A3076D3F27AF378700A2BF03 /* ManyEggsOneBasket.app */;
			productType = "com.apple.product-type.application";
		};
/* End PBXNativeTarget section */

/* Begin PBXProject section */
		A3076D3727AF378700A2BF03 /* Project object */ = {
			isa = PBXProject;
			attributes = {
				BuildIndependentTargetsInParallel = 1;
				LastSwiftUpdateCheck = 1320;
				LastUpgradeCheck = 1320;
				TargetAttributes = {
					A3076D3E27AF378700A2BF03 = {
						CreatedOnToolsVersion = 13.2.1;
					};
				};
			};
			buildConfigurationList = A3076D3A27AF378700A2BF03 /* Build configuration list for PBXProject "ManyEggsOneBasket" */;
			compatibilityVersion = "Xcode 13.0";
			developmentRegion = en;
			hasScannedForEncodings = 0;
			knownRegions = (
				en,
				Base,
			);
			mainGroup = A3076D3627AF378700A2BF03;
			packageReferences = (
				A3076D5227AF3C2100A2BF03 /* XCRemoteSwiftPackageReference "firebase-ios-sdk" */,
			);
			productRefGroup = A3076D4027AF378700A2BF03 /* Products */;
			projectDirPath = "";
			projectRoot = "";
			targets = (
				A3076D3E27AF378700A2BF03 /* ManyEggsOneBasket */,
			);
		};
/* End PBXProject section */

/* Begin PBXResourcesBuildPhase section */
		A3076D3D27AF378700A2BF03 /* Resources */ = {
			isa = PBXResourcesBuildPhase;
			buildActionMask = 2147483647;
			files = (
				A3076D4A27AF378900A2BF03 /* Preview Assets.xcassets in Resources */,
				A3076D4727AF378900A2BF03 /* Assets.xcassets in Resources */,
				A3076D5127AF3AEB00A2BF03 /* GoogleService-Info-2.plist in Resources */,
			);
			runOnlyForDeploymentPostprocessing = 0;
		};
/* End PBXResourcesBuildPhase section */

/* Begin PBXSourcesBuildPhase section */
		A3076D3B27AF378700A2BF03 /* Sources */ = {
			isa = PBXSourcesBuildPhase;
			buildActionMask = 2147483647;
			files = (
				A3076D5A27AF3EBC00A2BF03 /* AppDelegate.swift in Sources */,
				A3076D4527AF378700A2BF03 /* ContentView.swift in Sources */,
				A3076D4327AF378700A2BF03 /* ManyEggsOneBasketApp.swift in Sources */,
				A3076D5D27AF40B500A2BF03 /* User.swift in Sources */,
				A3076D5F27AF412E00A2BF03 /* Groceries.swift in Sources */,
				A3076D5927AF3EBC00A2BF03 /* SceneDelegate.swift in Sources */,
			);
			runOnlyForDeploymentPostprocessing = 0;
		};
/* End PBXSourcesBuildPhase section */

/* Begin XCBuildConfiguration section */
		A3076D4B27AF378900A2BF03 /* Debug */ = {
			isa = XCBuildConfiguration;
			buildSettings = {
				ALWAYS_SEARCH_USER_PATHS = NO;
				CLANG_ANALYZER_NONNULL = YES;
				CLANG_ANALYZER_NUMBER_OBJECT_CONVERSION = YES_AGGRESSIVE;
				CLANG_CXX_LANGUAGE_STANDARD = "gnu++17";
				CLANG_CXX_LIBRARY = "libc++";
				CLANG_ENABLE_MODULES = YES;
				CLANG_ENABLE_OBJC_ARC = YES;
				CLANG_ENABLE_OBJC_WEAK = YES;
				CLANG_WARN_BLOCK_CAPTURE_AUTORELEASING = YES;
				CLANG_WARN_BOOL_CONVERSION = YES;
				CLANG_WARN_COMMA = YES;
				CLANG_WARN_CONSTANT_CONVERSION = YES;
				CLANG_WARN_DEPRECATED_OBJC_IMPLEMENTATIONS = YES;
				CLANG_WARN_DIRECT_OBJC_ISA_USAGE = YES_ERROR;
				CLANG_WARN_DOCUMENTATION_COMMENTS = YES;
				CLANG_WARN_EMPTY_BODY = YES;
				CLANG_WARN_ENUM_CONVERSION = YES;
				CLANG_WARN_INFINITE_RECURSION = YES;
				CLANG_WARN_INT_CONVERSION = YES;
				CLANG_WARN_NON_LITERAL_NULL_CONVERSION = YES;
				CLANG_WARN_OBJC_IMPLICIT_RETAIN_SELF = YES;
				CLANG_WARN_OBJC_LITERAL_CONVERSION = YES;
				CLANG_WARN_OBJC_ROOT_CLASS = YES_ERROR;
				CLANG_WARN_QUOTED_INCLUDE_IN_FRAMEWORK_HEADER = YES;
				CLANG_WARN_RANGE_LOOP_ANALYSIS = YES;
				CLANG_WARN_STRICT_PROTOTYPES = YES;
				CLANG_WARN_SUSPICIOUS_MOVE = YES;
				CLANG_WARN_UNGUARDED_AVAILABILITY = YES_AGGRESSIVE;
				CLANG_WARN_UNREACHABLE_CODE = YES;
				CLANG_WARN__DUPLICATE_METHOD_MATCH = YES;
				COPY_PHASE_STRIP = NO;
				DEBUG_INFORMATION_FORMAT = dwarf;
				ENABLE_STRICT_OBJC_MSGSEND = YES;
				ENABLE_TESTABILITY = YES;
				GCC_C_LANGUAGE_STANDARD = gnu11;
				GCC_DYNAMIC_NO_PIC = NO;
				GCC_NO_COMMON_BLOCKS = YES;
				GCC_OPTIMIZATION_LEVEL = 0;
				GCC_PREPROCESSOR_DEFINITIONS = (
					"DEBUG=1",
					"$(inherited)",
				);
				GCC_WARN_64_TO_32_BIT_CONVERSION = YES;
				GCC_WARN_ABOUT_RETURN_TYPE = YES_ERROR;
				GCC_WARN_UNDECLARED_SELECTOR = YES;
				GCC_WARN_UNINITIALIZED_AUTOS = YES_AGGRESSIVE;
				GCC_WARN_UNUSED_FUNCTION = YES;
				GCC_WARN_UNUSED_VARIABLE = YES;
				IPHONEOS_DEPLOYMENT_TARGET = 15.2;
				MTL_ENABLE_DEBUG_INFO = INCLUDE_SOURCE;
				MTL_FAST_MATH = YES;
				ONLY_ACTIVE_ARCH = YES;
				SDKROOT = iphoneos;
				SWIFT_ACTIVE_COMPILATION_CONDITIONS = DEBUG;
				SWIFT_OPTIMIZATION_LEVEL = "-Onone";
			};
			name = Debug;
		};
		A3076D4C27AF378900A2BF03 /* Release */ = {
			isa = XCBuildConfiguration;
			buildSettings = {
				ALWAYS_SEARCH_USER_PATHS = NO;
				CLANG_ANALYZER_NONNULL = YES;
				CLANG_ANALYZER_NUMBER_OBJECT_CONVERSION = YES_AGGRESSIVE;
				CLANG_CXX_LANGUAGE_STANDARD = "gnu++17";
				CLANG_CXX_LIBRARY = "libc++";
				CLANG_ENABLE_MODULES = YES;
				CLANG_ENABLE_OBJC_ARC = YES;
				CLANG_ENABLE_OBJC_WEAK = YES;
				CLANG_WARN_BLOCK_CAPTURE_AUTORELEASING = YES;
				CLANG_WARN_BOOL_CONVERSION = YES;
				CLANG_WARN_COMMA = YES;
				CLANG_WARN_CONSTANT_CONVERSION = YES;
				CLANG_WARN_DEPRECATED_OBJC_IMPLEMENTATIONS = YES;
				CLANG_WARN_DIRECT_OBJC_ISA_USAGE = YES_ERROR;
				CLANG_WARN_DOCUMENTATION_COMMENTS = YES;
				CLANG_WARN_EMPTY_BODY = YES;
				CLANG_WARN_ENUM_CONVERSION = YES;
				CLANG_WARN_INFINITE_RECURSION = YES;
				CLANG_WARN_INT_CONVERSION = YES;
				CLANG_WARN_NON_LITERAL_NULL_CONVERSION = YES;
				CLANG_WARN_OBJC_IMPLICIT_RETAIN_SELF = YES;
				CLANG_WARN_OBJC_LITERAL_CONVERSION = YES;
				CLANG_WARN_OBJC_ROOT_CLASS = YES_ERROR;
				CLANG_WARN_QUOTED_INCLUDE_IN_FRAMEWORK_HEADER = YES;
				CLANG_WARN_RANGE_LOOP_ANALYSIS = YES;
				CLANG_WARN_STRICT_PROTOTYPES = YES;
				CLANG_WARN_SUSPICIOUS_MOVE = YES;
				CLANG_WARN_UNGUARDED_AVAILABILITY = YES_AGGRESSIVE;
				CLANG_WARN_UNREACHABLE_CODE = YES;
				CLANG_WARN__DUPLICATE_METHOD_MATCH = YES;
				COPY_PHASE_STRIP = NO;
				DEBUG_INFORMATION_FORMAT = "dwarf-with-dsym";
				ENABLE_NS_ASSERTIONS = NO;
				ENABLE_STRICT_OBJC_MSGSEND = YES;
				GCC_C_LANGUAGE_STANDARD = gnu11;
				GCC_NO_COMMON_BLOCKS = YES;
				GCC_WARN_64_TO_32_BIT_CONVERSION = YES;
				GCC_WARN_ABOUT_RETURN_TYPE = YES_ERROR;
				GCC_WARN_UNDECLARED_SELECTOR = YES;
				GCC_WARN_UNINITIALIZED_AUTOS = YES_AGGRESSIVE;
				GCC_WARN_UNUSED_FUNCTION = YES;
				GCC_WARN_UNUSED_VARIABLE = YES;
				IPHONEOS_DEPLOYMENT_TARGET = 15.2;
				MTL_ENABLE_DEBUG_INFO = NO;
				MTL_FAST_MATH = YES;
				SDKROOT = iphoneos;
				SWIFT_COMPILATION_MODE = wholemodule;
				SWIFT_OPTIMIZATION_LEVEL = "-O";
				VALIDATE_PRODUCT = YES;
			};
			name = Release;
		};
		A3076D4E27AF378900A2BF03 /* Debug */ = {
			isa = XCBuildConfiguration;
			buildSettings = {
				ASSETCATALOG_COMPILER_APPICON_NAME = AppIcon;
				ASSETCATALOG_COMPILER_GLOBAL_ACCENT_COLOR_NAME = AccentColor;
				CODE_SIGN_STYLE = Automatic;
				CURRENT_PROJECT_VERSION = 1;
				DEVELOPMENT_ASSET_PATHS = "\"ManyEggsOneBasket/Preview Content\"";
				DEVELOPMENT_TEAM = KA73VU7EWH;
				ENABLE_PREVIEWS = YES;
				GENERATE_INFOPLIST_FILE = YES;
				INFOPLIST_KEY_UIApplicationSceneManifest_Generation = YES;
				INFOPLIST_KEY_UIApplicationSupportsIndirectInputEvents = YES;
				INFOPLIST_KEY_UILaunchScreen_Generation = YES;
				INFOPLIST_KEY_UISupportedInterfaceOrientations_iPad = "UIInterfaceOrientationPortrait UIInterfaceOrientationPortraitUpsideDown UIInterfaceOrientationLandscapeLeft UIInterfaceOrientationLandscapeRight";
				INFOPLIST_KEY_UISupportedInterfaceOrientations_iPhone = "UIInterfaceOrientationPortrait UIInterfaceOrientationLandscapeLeft UIInterfaceOrientationLandscapeRight";
				LD_RUNPATH_SEARCH_PATHS = (
					"$(inherited)",
					"@executable_path/Frameworks",
				);
				MARKETING_VERSION = 1.0;
				PRODUCT_BUNDLE_IDENTIFIER = com.gjodev.ManyEggsOneBasket;
				PRODUCT_NAME = "$(TARGET_NAME)";
				SWIFT_EMIT_LOC_STRINGS = YES;
				SWIFT_VERSION = 5.0;
				TARGETED_DEVICE_FAMILY = "1,2";
			};
			name = Debug;
		};
		A3076D4F27AF378900A2BF03 /* Release */ = {
			isa = XCBuildConfiguration;
			buildSettings = {
				ASSETCATALOG_COMPILER_APPICON_NAME = AppIcon;
				ASSETCATALOG_COMPILER_GLOBAL_ACCENT_COLOR_NAME = AccentColor;
				CODE_SIGN_STYLE = Automatic;
				CURRENT_PROJECT_VERSION = 1;
				DEVELOPMENT_ASSET_PATHS = "\"ManyEggsOneBasket/Preview Content\"";
				DEVELOPMENT_TEAM = KA73VU7EWH;
				ENABLE_PREVIEWS = YES;
				GENERATE_INFOPLIST_FILE = YES;
				INFOPLIST_KEY_UIApplicationSceneManifest_Generation = YES;
				INFOPLIST_KEY_UIApplicationSupportsIndirectInputEvents = YES;
				INFOPLIST_KEY_UILaunchScreen_Generation = YES;
				INFOPLIST_KEY_UISupportedInterfaceOrientations_iPad = "UIInterfaceOrientationPortrait UIInterfaceOrientationPortraitUpsideDown UIInterfaceOrientationLandscapeLeft UIInterfaceOrientationLandscapeRight";
				INFOPLIST_KEY_UISupportedInterfaceOrientations_iPhone = "UIInterfaceOrientationPortrait UIInterfaceOrientationLandscapeLeft UIInterfaceOrientationLandscapeRight";
				LD_RUNPATH_SEARCH_PATHS = (
					"$(inherited)",
					"@executable_path/Frameworks",
				);
				MARKETING_VERSION = 1.0;
				PRODUCT_BUNDLE_IDENTIFIER = com.gjodev.ManyEggsOneBasket;
				PRODUCT_NAME = "$(TARGET_NAME)";
				SWIFT_EMIT_LOC_STRINGS = YES;
				SWIFT_VERSION = 5.0;
				TARGETED_DEVICE_FAMILY = "1,2";
			};
			name = Release;
		};
/* End XCBuildConfiguration section */

/* Begin XCConfigurationList section */
		A3076D3A27AF378700A2BF03 /* Build configuration list for PBXProject "ManyEggsOneBasket" */ = {
			isa = XCConfigurationList;
			buildConfigurations = (
				A3076D4B27AF378900A2BF03 /* Debug */,
				A3076D4C27AF378900A2BF03 /* Release */,
			);
			defaultConfigurationIsVisible = 0;
			defaultConfigurationName = Release;
		};
		A3076D4D27AF378900A2BF03 /* Build configuration list for PBXNativeTarget "ManyEggsOneBasket" */ = {
			isa = XCConfigurationList;
			buildConfigurations = (
				A3076D4E27AF378900A2BF03 /* Debug */,
				A3076D4F27AF378900A2BF03 /* Release */,
			);
			defaultConfigurationIsVisible = 0;
			defaultConfigurationName = Release;
		};
/* End XCConfigurationList section */

/* Begin XCRemoteSwiftPackageReference section */
		A3076D5227AF3C2100A2BF03 /* XCRemoteSwiftPackageReference "firebase-ios-sdk" */ = {
			isa = XCRemoteSwiftPackageReference;
			repositoryURL = "https://github.com/firebase/firebase-ios-sdk.git";
			requirement = {
				kind = upToNextMajorVersion;
				minimumVersion = 8.0.0;
			};
		};
/* End XCRemoteSwiftPackageReference section */

/* Begin XCSwiftPackageProductDependency section */
		A3076D5327AF3C2100A2BF03 /* FirebaseAuth */ = {
			isa = XCSwiftPackageProductDependency;
			package = A3076D5227AF3C2100A2BF03 /* XCRemoteSwiftPackageReference "firebase-ios-sdk" */;
			productName = FirebaseAuth;
		};
		A3076D5527AF3C2100A2BF03 /* FirebaseDatabase */ = {
			isa = XCSwiftPackageProductDependency;
			package = A3076D5227AF3C2100A2BF03 /* XCRemoteSwiftPackageReference "firebase-ios-sdk" */;
			productName = FirebaseDatabase;
		};
/* End XCSwiftPackageProductDependency section */
	};
	rootObject = A3076D3727AF378700A2BF03 /* Project object */;
}
